{
  "name": "sdk-js-node",
  "lockfileVersion": 3,
  "requires": true,
  "packages": {
    "": {
      "dependencies": {
        "@siafoundation/sdk": "^0.2.0"
      }
    },
    "node_modules/@siafoundation/sdk": {
      "version": "0.2.0",
      "resolved": "https://registry.npmjs.org/@siafoundation/sdk/-/sdk-0.2.0.tgz",
      "integrity": "sha512-/bGMaD/VpqhF/bGXQRUkrykulGDOD/vCZPMZNVuMl4ipl87nbse6eX3W3Qhs/r9gw7w6eEM3XksuI2Q8fqsE5g==",
      "license": "MIT",
      "dependencies": {
        "@siafoundation/types": "0.3.0"
      }
    },
    "node_modules/@siafoundation/types": {
      "version": "0.3.0",
      "resolved": "https://registry.npmjs.org/@siafoundation/types/-/types-0.3.0.tgz",
      "integrity": "sha512-viNUum04/zjGxeDc4IRATw3rDmEhIW7G4pn6/LqHix1nWLwPneluwjb5lxl4QmGjTjHbCTKkAqW1WYLkGpXOwQ==",
      "license": "MIT"
    }
  }
}
