{
  "name": "sdk-js-node",
  "lockfileVersion": 3,
  "requires": true,
  "packages": {
    "": {
      "dependencies": {
        "@siafoundation/sdk": "^0.4.3"
      }
    },
    "node_modules/@siafoundation/sdk": {
      "version": "0.4.3",
      "resolved": "https://registry.npmjs.org/@siafoundation/sdk/-/sdk-0.4.3.tgz",
      "integrity": "sha512-s4cBDCv8YkT8EooLI28f6ezXJr1bQ+E5KPmRsxYDkQsTRjlSGClk20nF5SeQqtP1gesiACA/JxshkJxb61jfwg==",
      "license": "MIT",
      "dependencies": {
        "@siafoundation/types": "^0.12.2"
      }
    },
    "node_modules/@siafoundation/types": {
      "version": "0.12.2",
      "resolved": "https://registry.npmjs.org/@siafoundation/types/-/types-0.12.2.tgz",
      "integrity": "sha512-ckEVBJJXD+ZDEk0hyMtTJArLU6MaLMGzZU3MAQRUEnFlW9i/PfgmFg7Ze4qB2mWcw7PmVNMfN0QMq6xSMcJW5g==",
      "license": "MIT"
    }
  }
}
