{
  "name": "sdk-js-node",
  "lockfileVersion": 3,
  "requires": true,
  "packages": {
    "": {
      "dependencies": {
        "@siafoundation/sdk": "^0.4.0-beta.6"
      }
    },
    "node_modules/@siafoundation/sdk": {
      "version": "0.4.0-beta.6",
      "resolved": "https://registry.npmjs.org/@siafoundation/sdk/-/sdk-0.4.0-beta.6.tgz",
      "integrity": "sha512-jX7cZXW+7S+sZzq+RyOU2RjZ64XOl850zikCQrSXcah0byyDwHck9pUYMphXRLFWbnYNF6W7z4RgmEjGm0gosw==",
      "license": "MIT",
      "dependencies": {
        "@siafoundation/types": "0.11.0-beta.4"
      }
    },
    "node_modules/@siafoundation/types": {
      "version": "0.11.0-beta.4",
      "resolved": "https://registry.npmjs.org/@siafoundation/types/-/types-0.11.0-beta.4.tgz",
      "integrity": "sha512-v6ryMVELaQrB3bFiB0WZiS5OjUs3pyoZk8Tq2F6EqtpxISRTA0cmLVLc0OqIBqhiLX8rPu12SXCsQl0FXp5jiA==",
      "license": "MIT"
    }
  }
}
